
Microsoft Visual Studio Solution File, Format Version 12.00
# Visual Studio Version 17
VisualStudioVersion = 17.8.34511.84
MinimumVisualStudioVersion = 10.0.40219.1
Project("{FAE04EC0-301F-11D3-BF4B-00C04F79EFBC}") = "FullCartApi", "FullCartApi\FullCartApi.csproj", "{6B00BF17-C75C-40B4-AA77-F9E8F6F131AB}"
EndProject
Global
	GlobalSection(SolutionConfigurationPlatforms) = preSolution
		Debug|Any CPU = Debug|Any CPU
		Release|Any CPU = Release|Any CPU
	EndGlobalSection
	GlobalSection(ProjectConfigurationPlatforms) = postSolution
		{6B00BF17-C75C-40B4-AA77-F9E8F6F131AB}.Debug|Any CPU.ActiveCfg = Debug|Any CPU
		{6B00BF17-C75C-40B4-AA77-F9E8F6F131AB}.Debug|Any CPU.Build.0 = Debug|Any CPU
		{6B00BF17-C75C-40B4-AA77-F9E8F6F131AB}.Release|Any CPU.ActiveCfg = Release|Any CPU
		{6B00BF17-C75C-40B4-AA77-F9E8F6F131AB}.Release|Any CPU.Build.0 = Release|Any CPU
	EndGlobalSection
	GlobalSection(SolutionProperties) = preSolution
		HideSolutionNode = FALSE
	EndGlobalSection
	GlobalSection(ExtensibilityGlobals) = postSolution
		SolutionGuid = {A8D42FE6-FB17-4848-B777-109631C3D038}
	EndGlobalSection
EndGlobal
